
Microsoft Visual Studio Solution File, Format Version 12.00
# Visual Studio Version 17
VisualStudioVersion = 17.3.32922.545
MinimumVisualStudioVersion = 10.0.40219.1
Project("{FAE04EC0-301F-11D3-BF4B-00C04F79EFBC}") = "Week2", "Week2\Week2.csproj", "{4DE43524-258F-4A51-94DA-41478499BC25}"
EndProject
Project("{FAE04EC0-301F-11D3-BF4B-00C04F79EFBC}") = "Kasutaja_sugu_kontroll", "User_age_validation\Kasutaja_sugu_kontroll.csproj", "{99FA9871-BCC9-4BD5-8BFF-AE3020E1C8F2}"
EndProject
Project("{FAE04EC0-301F-11D3-BF4B-00C04F79EFBC}") = "Kasutaja_vanuse_valideerimine", "Kasutaja_vanuse_valideerimine\Kasutaja_vanuse_valideerimine.csproj", "{11E185E9-7B4F-4253-964E-B9A929EF1692}"
EndProject
Global
	GlobalSection(SolutionConfigurationPlatforms) = preSolution
		Debug|Any CPU = Debug|Any CPU
		Release|Any CPU = Release|Any CPU
	EndGlobalSection
	GlobalSection(ProjectConfigurationPlatforms) = postSolution
		{4DE43524-258F-4A51-94DA-41478499BC25}.Debug|Any CPU.ActiveCfg = Debug|Any CPU
		{4DE43524-258F-4A51-94DA-41478499BC25}.Debug|Any CPU.Build.0 = Debug|Any CPU
		{4DE43524-258F-4A51-94DA-41478499BC25}.Release|Any CPU.ActiveCfg = Release|Any CPU
		{4DE43524-258F-4A51-94DA-41478499BC25}.Release|Any CPU.Build.0 = Release|Any CPU
		{99FA9871-BCC9-4BD5-8BFF-AE3020E1C8F2}.Debug|Any CPU.ActiveCfg = Debug|Any CPU
		{99FA9871-BCC9-4BD5-8BFF-AE3020E1C8F2}.Debug|Any CPU.Build.0 = Debug|Any CPU
		{99FA9871-BCC9-4BD5-8BFF-AE3020E1C8F2}.Release|Any CPU.ActiveCfg = Release|Any CPU
		{99FA9871-BCC9-4BD5-8BFF-AE3020E1C8F2}.Release|Any CPU.Build.0 = Release|Any CPU
		{11E185E9-7B4F-4253-964E-B9A929EF1692}.Debug|Any CPU.ActiveCfg = Debug|Any CPU
		{11E185E9-7B4F-4253-964E-B9A929EF1692}.Debug|Any CPU.Build.0 = Debug|Any CPU
		{11E185E9-7B4F-4253-964E-B9A929EF1692}.Release|Any CPU.ActiveCfg = Release|Any CPU
		{11E185E9-7B4F-4253-964E-B9A929EF1692}.Release|Any CPU.Build.0 = Release|Any CPU
	EndGlobalSection
	GlobalSection(SolutionProperties) = preSolution
		HideSolutionNode = FALSE
	EndGlobalSection
	GlobalSection(ExtensibilityGlobals) = postSolution
		SolutionGuid = {8CD5C5C2-10B6-41DA-ADE0-8C3E8E7FA84C}
	EndGlobalSection
EndGlobal
